
Microsoft Visual Studio Solution File, Format Version 12.00
# Visual Studio 15
VisualStudioVersion = 15.0.28010.2048
MinimumVisualStudioVersion = 10.0.40219.1
Project("{FAE04EC0-301F-11D3-BF4B-00C04F79EFBC}") = "Func_e_Action", "Func_e_Action\Func_e_Action.csproj", "{46FF90D4-FB9B-460F-A32E-1F3446A29FB6}"
EndProject
Global
	GlobalSection(SolutionConfigurationPlatforms) = preSolution
		Debug|Any CPU = Debug|Any CPU
		Release|Any CPU = Release|Any CPU
	EndGlobalSection
	GlobalSection(ProjectConfigurationPlatforms) = postSolution
		{46FF90D4-FB9B-460F-A32E-1F3446A29FB6}.Debug|Any CPU.ActiveCfg = Debug|Any CPU
		{46FF90D4-FB9B-460F-A32E-1F3446A29FB6}.Debug|Any CPU.Build.0 = Debug|Any CPU
		{46FF90D4-FB9B-460F-A32E-1F3446A29FB6}.Release|Any CPU.ActiveCfg = Release|Any CPU
		{46FF90D4-FB9B-460F-A32E-1F3446A29FB6}.Release|Any CPU.Build.0 = Release|Any CPU
	EndGlobalSection
	GlobalSection(SolutionProperties) = preSolution
		HideSolutionNode = FALSE
	EndGlobalSection
	GlobalSection(ExtensibilityGlobals) = postSolution
		SolutionGuid = {7970B3AE-DA5A-4E82-B57F-6FCF4C821776}
	EndGlobalSection
EndGlobal
